schema: '2.0'
stages:
  data_collection:
    cmd: python src/data/data_collection.py
    deps:
    - path: src/data/data_collection.py
      hash: md5
      md5: 42bc8bceb92486dd6dd3e8848bc6f6f4
      size: 1750
    outs:
    - path: data/raw
      hash: md5
      md5: c0c2d65c14a603e91e029fda3c344a5c.dir
      size: 522262
      nfiles: 2
  pre_processing:
    cmd: python src/data/data_prep.py
    deps:
    - path: data/raw
      hash: md5
      md5: c0c2d65c14a603e91e029fda3c344a5c.dir
      size: 522262
      nfiles: 2
    - path: src/data/data_prep.py
      hash: md5
      md5: d6352e0a98bb585a98257ff7755491e2
      size: 1569
    outs:
    - path: data/processed
      hash: md5
      md5: 8450cca153bda92e885daae3e5029367.dir
      size: 530233
      nfiles: 2
  model_building:
    cmd: python src/model/model_building.py
    deps:
    - path: data/processed
      hash: md5
      md5: 8450cca153bda92e885daae3e5029367.dir
      size: 530233
      nfiles: 2
    - path: src/model/model_building.py
      hash: md5
      md5: a779a6c67c8a27f07ee3b515a9b81a30
      size: 2220
    params:
      params.yaml:
        model_building.n_estimators: 1000
    outs:
    - path: models/model.pkl
      hash: md5
      md5: 1669cd341fb85fd2ddec8aa8b35763c3
      size: 73097828
  model_eval:
    cmd: python src/model/model_eval.py
    deps:
    - path: models/model.pkl
      hash: md5
      md5: 1669cd341fb85fd2ddec8aa8b35763c3
      size: 73097828
    - path: src/model/model_eval.py
      hash: md5
      md5: 9ef2064816221e7ebcad0232b621663e
      size: 2454
    outs:
    - path: reports/metrics.json
      hash: md5
      md5: 581705936539d608cc80c638d72d3cd7
      size: 146
